
Microsoft Visual Studio Solution File, Format Version 12.00
# Visual Studio 15
VisualStudioVersion = 15.0.28307.1525
MinimumVisualStudioVersion = 10.0.40219.1
Project("{FAE04EC0-301F-11D3-BF4B-00C04F79EFBC}") = "PSv2", "PSv2\PSv2.csproj", "{CF301DC3-350D-48CA-A3A7-AE057DC3D8CA}"
EndProject
Global
	GlobalSection(SolutionConfigurationPlatforms) = preSolution
		Debug|Any CPU = Debug|Any CPU
		Release|Any CPU = Release|Any CPU
	EndGlobalSection
	GlobalSection(ProjectConfigurationPlatforms) = postSolution
		{CF301DC3-350D-48CA-A3A7-AE057DC3D8CA}.Debug|Any CPU.ActiveCfg = Debug|Any CPU
		{CF301DC3-350D-48CA-A3A7-AE057DC3D8CA}.Debug|Any CPU.Build.0 = Debug|Any CPU
		{CF301DC3-350D-48CA-A3A7-AE057DC3D8CA}.Release|Any CPU.ActiveCfg = Release|Any CPU
		{CF301DC3-350D-48CA-A3A7-AE057DC3D8CA}.Release|Any CPU.Build.0 = Release|Any CPU
	EndGlobalSection
	GlobalSection(SolutionProperties) = preSolution
		HideSolutionNode = FALSE
	EndGlobalSection
	GlobalSection(ExtensibilityGlobals) = postSolution
		SolutionGuid = {01DE2796-9436-439D-A387-2FBE78629F89}
	EndGlobalSection
EndGlobal
